
Microsoft Visual Studio Solution File, Format Version 12.00
Project("{FAE04EC0-301F-11D3-BF4B-00C04F79EFBC}") = "Ex09", "Ex09\Ex09.csproj", "{768F9BBD-0719-4755-B2A8-5810797FF899}"
EndProject
Global
	GlobalSection(SolutionConfigurationPlatforms) = preSolution
		Debug|Any CPU = Debug|Any CPU
		Release|Any CPU = Release|Any CPU
	EndGlobalSection
	GlobalSection(ProjectConfigurationPlatforms) = postSolution
		{768F9BBD-0719-4755-B2A8-5810797FF899}.Debug|Any CPU.ActiveCfg = Debug|Any CPU
		{768F9BBD-0719-4755-B2A8-5810797FF899}.Debug|Any CPU.Build.0 = Debug|Any CPU
		{768F9BBD-0719-4755-B2A8-5810797FF899}.Release|Any CPU.ActiveCfg = Release|Any CPU
		{768F9BBD-0719-4755-B2A8-5810797FF899}.Release|Any CPU.Build.0 = Release|Any CPU
	EndGlobalSection
EndGlobal
